// !$*UTF8*$!
{
	archiveVersion = 1;
	classes = {
	};
	objectVersion = 56;
	objects = {

/* Begin PBXBuildFile section */
		1AF29F10299A184B00261A84 /* CryptoInfoApp.swift in Sources */ = {isa = PBXBuildFile; fileRef = 1AF29F0F299A184B00261A84 /* CryptoInfoApp.swift */; };
		1AF29F12299A184B00261A84 /* ContentView.swift in Sources */ = {isa = PBXBuildFile; fileRef = 1AF29F11299A184B00261A84 /* ContentView.swift */; };
		1AF29F14299A184D00261A84 /* Assets.xcassets in Resources */ = {isa = PBXBuildFile; fileRef = 1AF29F13299A184D00261A84 /* Assets.xcassets */; };
		1AF29F17299A184D00261A84 /* Preview Assets.xcassets in Resources */ = {isa = PBXBuildFile; fileRef = 1AF29F16299A184D00261A84 /* Preview Assets.xcassets */; };
		1AF29F21299A184D00261A84 /* CryptoInfoTests.swift in Sources */ = {isa = PBXBuildFile; fileRef = 1AF29F20299A184D00261A84 /* CryptoInfoTests.swift */; };
		1AF29F2B299A184D00261A84 /* CryptoInfoUITests.swift in Sources */ = {isa = PBXBuildFile; fileRef = 1AF29F2A299A184D00261A84 /* CryptoInfoUITests.swift */; };
		1AF29F2D299A184D00261A84 /* CryptoInfoUITestsLaunchTests.swift in Sources */ = {isa = PBXBuildFile; fileRef = 1AF29F2C299A184D00261A84 /* CryptoInfoUITestsLaunchTests.swift */; };
		1AF29F3D299A18A300261A84 /* CryptoModel.swift in Sources */ = {isa = PBXBuildFile; fileRef = 1AF29F3C299A18A300261A84 /* CryptoModel.swift */; };
		1AF29F3F299A18C700261A84 /* HomeView.swift in Sources */ = {isa = PBXBuildFile; fileRef = 1AF29F3E299A18C700261A84 /* HomeView.swift */; };
		1AF29F41299A18FF00261A84 /* CryptoRowView.swift in Sources */ = {isa = PBXBuildFile; fileRef = 1AF29F40299A18FF00261A84 /* CryptoRowView.swift */; };
		1AF29F43299A191200261A84 /* CryptoView.swift in Sources */ = {isa = PBXBuildFile; fileRef = 1AF29F42299A191200261A84 /* CryptoView.swift */; };
		1AF29F45299AA91100261A84 /* CryptoViewModel.swift in Sources */ = {isa = PBXBuildFile; fileRef = 1AF29F44299AA91100261A84 /* CryptoViewModel.swift */; };
		1AF29F48299ABCB100261A84 /* CoinGeckoService.swift in Sources */ = {isa = PBXBuildFile; fileRef = 1AF29F47299ABCB100261A84 /* CoinGeckoService.swift */; };
		1AF29F4D299B65D900261A84 /* Realm in Frameworks */ = {isa = PBXBuildFile; productRef = 1AF29F4C299B65D900261A84 /* Realm */; };
		1AF29F4F299B65D900261A84 /* RealmSwift in Frameworks */ = {isa = PBXBuildFile; productRef = 1AF29F4E299B65D900261A84 /* RealmSwift */; };
		1AF29F52299C07B400261A84 /* RealmManager.swift in Sources */ = {isa = PBXBuildFile; fileRef = 1AF29F51299C07B400261A84 /* RealmManager.swift */; };
		1AF29F54299CA3C700261A84 /* TweetView.swift in Sources */ = {isa = PBXBuildFile; fileRef = 1AF29F53299CA3C700261A84 /* TweetView.swift */; };
		1AF29F56299DFE5900261A84 /* TwitterAPIService.swift in Sources */ = {isa = PBXBuildFile; fileRef = 1AF29F55299DFE5900261A84 /* TwitterAPIService.swift */; };
		1AF29F58299EAC9700261A84 /* TweetListModel.swift in Sources */ = {isa = PBXBuildFile; fileRef = 1AF29F57299EAC9700261A84 /* TweetListModel.swift */; };
		1AF29F5A299EB0B200261A84 /* data.json in Resources */ = {isa = PBXBuildFile; fileRef = 1AF29F59299EB0B200261A84 /* data.json */; };
		1AF29F5C299EB8FC00261A84 /* TweetViewModel.swift in Sources */ = {isa = PBXBuildFile; fileRef = 1AF29F5B299EB8FC00261A84 /* TweetViewModel.swift */; };
/* End PBXBuildFile section */

/* Begin PBXContainerItemProxy section */
		1AF29F1D299A184D00261A84 /* PBXContainerItemProxy */ = {
			isa = PBXContainerItemProxy;
			containerPortal = 1AF29F04299A184B00261A84 /* Project object */;
			proxyType = 1;
			remoteGlobalIDString = 1AF29F0B299A184B00261A84;
			remoteInfo = CryptoInfo;
		};
		1AF29F27299A184D00261A84 /* PBXContainerItemProxy */ = {
			isa = PBXContainerItemProxy;
			containerPortal = 1AF29F04299A184B00261A84 /* Project object */;
			proxyType = 1;
			remoteGlobalIDString = 1AF29F0B299A184B00261A84;
			remoteInfo = CryptoInfo;
		};
/* End PBXContainerItemProxy section */

/* Begin PBXFileReference section */
		1AF29F0C299A184B00261A84 /* CryptoInfo.app */ = {isa = PBXFileReference; explicitFileType = wrapper.application; includeInIndex = 0; path = CryptoInfo.app; sourceTree = BUILT_PRODUCTS_DIR; };
		1AF29F0F299A184B00261A84 /* CryptoInfoApp.swift */ = {isa = PBXFileReference; lastKnownFileType = sourcecode.swift; path = CryptoInfoApp.swift; sourceTree = "<group>"; };
		1AF29F11299A184B00261A84 /* ContentView.swift */ = {isa = PBXFileReference; lastKnownFileType = sourcecode.swift; path = ContentView.swift; sourceTree = "<group>"; };
		1AF29F13299A184D00261A84 /* Assets.xcassets */ = {isa = PBXFileReference; lastKnownFileType = folder.assetcatalog; path = Assets.xcassets; sourceTree = "<group>"; };
		1AF29F16299A184D00261A84 /* Preview Assets.xcassets */ = {isa = PBXFileReference; lastKnownFileType = folder.assetcatalog; path = "Preview Assets.xcassets"; sourceTree = "<group>"; };
		1AF29F1C299A184D00261A84 /* CryptoInfoTests.xctest */ = {isa = PBXFileReference; explicitFileType = wrapper.cfbundle; includeInIndex = 0; path = CryptoInfoTests.xctest; sourceTree = BUILT_PRODUCTS_DIR; };
		1AF29F20299A184D00261A84 /* CryptoInfoTests.swift */ = {isa = PBXFileReference; lastKnownFileType = sourcecode.swift; path = CryptoInfoTests.swift; sourceTree = "<group>"; };
		1AF29F26299A184D00261A84 /* CryptoInfoUITests.xctest */ = {isa = PBXFileReference; explicitFileType = wrapper.cfbundle; includeInIndex = 0; path = CryptoInfoUITests.xctest; sourceTree = BUILT_PRODUCTS_DIR; };
		1AF29F2A299A184D00261A84 /* CryptoInfoUITests.swift */ = {isa = PBXFileReference; lastKnownFileType = sourcecode.swift; path = CryptoInfoUITests.swift; sourceTree = "<group>"; };
		1AF29F2C299A184D00261A84 /* CryptoInfoUITestsLaunchTests.swift */ = {isa = PBXFileReference; lastKnownFileType = sourcecode.swift; path = CryptoInfoUITestsLaunchTests.swift; sourceTree = "<group>"; };
		1AF29F3C299A18A300261A84 /* CryptoModel.swift */ = {isa = PBXFileReference; lastKnownFileType = sourcecode.swift; path = CryptoModel.swift; sourceTree = "<group>"; };
		1AF29F3E299A18C700261A84 /* HomeView.swift */ = {isa = PBXFileReference; lastKnownFileType = sourcecode.swift; path = HomeView.swift; sourceTree = "<group>"; };
		1AF29F40299A18FF00261A84 /* CryptoRowView.swift */ = {isa = PBXFileReference; lastKnownFileType = sourcecode.swift; path = CryptoRowView.swift; sourceTree = "<group>"; };
		1AF29F42299A191200261A84 /* CryptoView.swift */ = {isa = PBXFileReference; lastKnownFileType = sourcecode.swift; path = CryptoView.swift; sourceTree = "<group>"; };
		1AF29F44299AA91100261A84 /* CryptoViewModel.swift */ = {isa = PBXFileReference; lastKnownFileType = sourcecode.swift; path = CryptoViewModel.swift; sourceTree = "<group>"; };
		1AF29F47299ABCB100261A84 /* CoinGeckoService.swift */ = {isa = PBXFileReference; lastKnownFileType = sourcecode.swift; path = CoinGeckoService.swift; sourceTree = "<group>"; };
		1AF29F51299C07B400261A84 /* RealmManager.swift */ = {isa = PBXFileReference; lastKnownFileType = sourcecode.swift; path = RealmManager.swift; sourceTree = "<group>"; };
		1AF29F53299CA3C700261A84 /* TweetView.swift */ = {isa = PBXFileReference; lastKnownFileType = sourcecode.swift; path = TweetView.swift; sourceTree = "<group>"; };
		1AF29F55299DFE5900261A84 /* TwitterAPIService.swift */ = {isa = PBXFileReference; lastKnownFileType = sourcecode.swift; path = TwitterAPIService.swift; sourceTree = "<group>"; };
		1AF29F57299EAC9700261A84 /* TweetListModel.swift */ = {isa = PBXFileReference; lastKnownFileType = sourcecode.swift; path = TweetListModel.swift; sourceTree = "<group>"; };
		1AF29F59299EB0B200261A84 /* data.json */ = {isa = PBXFileReference; lastKnownFileType = text.json; path = data.json; sourceTree = "<group>"; };
		1AF29F5B299EB8FC00261A84 /* TweetViewModel.swift */ = {isa = PBXFileReference; lastKnownFileType = sourcecode.swift; path = TweetViewModel.swift; sourceTree = "<group>"; };
/* End PBXFileReference section */

/* Begin PBXFrameworksBuildPhase section */
		1AF29F09299A184B00261A84 /* Frameworks */ = {
			isa = PBXFrameworksBuildPhase;
			buildActionMask = 2147483647;
			files = (
				1AF29F4F299B65D900261A84 /* RealmSwift in Frameworks */,
				1AF29F4D299B65D900261A84 /* Realm in Frameworks */,
			);
			runOnlyForDeploymentPostprocessing = 0;
		};
		1AF29F19299A184D00261A84 /* Frameworks */ = {
			isa = PBXFrameworksBuildPhase;
			buildActionMask = 2147483647;
			files = (
			);
			runOnlyForDeploymentPostprocessing = 0;
		};
		1AF29F23299A184D00261A84 /* Frameworks */ = {
			isa = PBXFrameworksBuildPhase;
			buildActionMask = 2147483647;
			files = (
			);
			runOnlyForDeploymentPostprocessing = 0;
		};
/* End PBXFrameworksBuildPhase section */

/* Begin PBXGroup section */
		1AF29F03299A184B00261A84 = {
			isa = PBXGroup;
			children = (
				1AF29F0E299A184B00261A84 /* CryptoInfo */,
				1AF29F1F299A184D00261A84 /* CryptoInfoTests */,
				1AF29F29299A184D00261A84 /* CryptoInfoUITests */,
				1AF29F0D299A184B00261A84 /* Products */,
			);
			sourceTree = "<group>";
		};
		1AF29F0D299A184B00261A84 /* Products */ = {
			isa = PBXGroup;
			children = (
				1AF29F0C299A184B00261A84 /* CryptoInfo.app */,
				1AF29F1C299A184D00261A84 /* CryptoInfoTests.xctest */,
				1AF29F26299A184D00261A84 /* CryptoInfoUITests.xctest */,
			);
			name = Products;
			sourceTree = "<group>";
		};
		1AF29F0E299A184B00261A84 /* CryptoInfo */ = {
			isa = PBXGroup;
			children = (
				1AF29F50299C07A200261A84 /* Managers */,
				1AF29F46299AB99F00261A84 /* Services */,
				1AF29F3B299A186900261A84 /* ViewModels */,
				1AF29F3A299A185F00261A84 /* Views */,
				1AF29F39299A185A00261A84 /* Models */,
				1AF29F0F299A184B00261A84 /* CryptoInfoApp.swift */,
				1AF29F13299A184D00261A84 /* Assets.xcassets */,
				1AF29F15299A184D00261A84 /* Preview Content */,
				1AF29F59299EB0B200261A84 /* data.json */,
			);
			path = CryptoInfo;
			sourceTree = "<group>";
		};
		1AF29F15299A184D00261A84 /* Preview Content */ = {
			isa = PBXGroup;
			children = (
				1AF29F16299A184D00261A84 /* Preview Assets.xcassets */,
			);
			path = "Preview Content";
			sourceTree = "<group>";
		};
		1AF29F1F299A184D00261A84 /* CryptoInfoTests */ = {
			isa = PBXGroup;
			children = (
				1AF29F20299A184D00261A84 /* CryptoInfoTests.swift */,
			);
			path = CryptoInfoTests;
			sourceTree = "<group>";
		};
		1AF29F29299A184D00261A84 /* CryptoInfoUITests */ = {
			isa = PBXGroup;
			children = (
				1AF29F2A299A184D00261A84 /* CryptoInfoUITests.swift */,
				1AF29F2C299A184D00261A84 /* CryptoInfoUITestsLaunchTests.swift */,
			);
			path = CryptoInfoUITests;
			sourceTree = "<group>";
		};
		1AF29F39299A185A00261A84 /* Models */ = {
			isa = PBXGroup;
			children = (
				1AF29F3C299A18A300261A84 /* CryptoModel.swift */,
				1AF29F57299EAC9700261A84 /* TweetListModel.swift */,
			);
			path = Models;
			sourceTree = "<group>";
		};
		1AF29F3A299A185F00261A84 /* Views */ = {
			isa = PBXGroup;
			children = (
				1AF29F11299A184B00261A84 /* ContentView.swift */,
				1AF29F3E299A18C700261A84 /* HomeView.swift */,
				1AF29F40299A18FF00261A84 /* CryptoRowView.swift */,
				1AF29F42299A191200261A84 /* CryptoView.swift */,
				1AF29F53299CA3C700261A84 /* TweetView.swift */,
			);
			path = Views;
			sourceTree = "<group>";
		};
		1AF29F3B299A186900261A84 /* ViewModels */ = {
			isa = PBXGroup;
			children = (
				1AF29F44299AA91100261A84 /* CryptoViewModel.swift */,
				1AF29F5B299EB8FC00261A84 /* TweetViewModel.swift */,
			);
			path = ViewModels;
			sourceTree = "<group>";
		};
		1AF29F46299AB99F00261A84 /* Services */ = {
			isa = PBXGroup;
			children = (
				1AF29F47299ABCB100261A84 /* CoinGeckoService.swift */,
				1AF29F55299DFE5900261A84 /* TwitterAPIService.swift */,
			);
			path = Services;
			sourceTree = "<group>";
		};
		1AF29F50299C07A200261A84 /* Managers */ = {
			isa = PBXGroup;
			children = (
				1AF29F51299C07B400261A84 /* RealmManager.swift */,
			);
			path = Managers;
			sourceTree = "<group>";
		};
/* End PBXGroup section */

/* Begin PBXNativeTarget section */
		1AF29F0B299A184B00261A84 /* CryptoInfo */ = {
			isa = PBXNativeTarget;
			buildConfigurationList = 1AF29F30299A184D00261A84 /* Build configuration list for PBXNativeTarget "CryptoInfo" */;
			buildPhases = (
				1AF29F08299A184B00261A84 /* Sources */,
				1AF29F09299A184B00261A84 /* Frameworks */,
				1AF29F0A299A184B00261A84 /* Resources */,
			);
			buildRules = (
			);
			dependencies = (
			);
			name = CryptoInfo;
			packageProductDependencies = (
				1AF29F4C299B65D900261A84 /* Realm */,
				1AF29F4E299B65D900261A84 /* RealmSwift */,
			);
			productName = CryptoInfo;
			productReference = 1AF29F0C299A184B00261A84 /* CryptoInfo.app */;
			productType = "com.apple.product-type.application";
		};
		1AF29F1B299A184D00261A84 /* CryptoInfoTests */ = {
			isa = PBXNativeTarget;
			buildConfigurationList = 1AF29F33299A184D00261A84 /* Build configuration list for PBXNativeTarget "CryptoInfoTests" */;
			buildPhases = (
				1AF29F18299A184D00261A84 /* Sources */,
				1AF29F19299A184D00261A84 /* Frameworks */,
				1AF29F1A299A184D00261A84 /* Resources */,
			);
			buildRules = (
			);
			dependencies = (
				1AF29F1E299A184D00261A84 /* PBXTargetDependency */,
			);
			name = CryptoInfoTests;
			productName = CryptoInfoTests;
			productReference = 1AF29F1C299A184D00261A84 /* CryptoInfoTests.xctest */;
			productType = "com.apple.product-type.bundle.unit-test";
		};
		1AF29F25299A184D00261A84 /* CryptoInfoUITests */ = {
			isa = PBXNativeTarget;
			buildConfigurationList = 1AF29F36299A184D00261A84 /* Build configuration list for PBXNativeTarget "CryptoInfoUITests" */;
			buildPhases = (
				1AF29F22299A184D00261A84 /* Sources */,
				1AF29F23299A184D00261A84 /* Frameworks */,
				1AF29F24299A184D00261A84 /* Resources */,
			);
			buildRules = (
			);
			dependencies = (
				1AF29F28299A184D00261A84 /* PBXTargetDependency */,
			);
			name = CryptoInfoUITests;
			productName = CryptoInfoUITests;
			productReference = 1AF29F26299A184D00261A84 /* CryptoInfoUITests.xctest */;
			productType = "com.apple.product-type.bundle.ui-testing";
		};
/* End PBXNativeTarget section */

/* Begin PBXProject section */
		1AF29F04299A184B00261A84 /* Project object */ = {
			isa = PBXProject;
			attributes = {
				BuildIndependentTargetsInParallel = 1;
				LastSwiftUpdateCheck = 1420;
				LastUpgradeCheck = 1420;
				TargetAttributes = {
					1AF29F0B299A184B00261A84 = {
						CreatedOnToolsVersion = 14.2;
					};
					1AF29F1B299A184D00261A84 = {
						CreatedOnToolsVersion = 14.2;
						TestTargetID = 1AF29F0B299A184B00261A84;
					};
					1AF29F25299A184D00261A84 = {
						CreatedOnToolsVersion = 14.2;
						TestTargetID = 1AF29F0B299A184B00261A84;
					};
				};
			};
			buildConfigurationList = 1AF29F07299A184B00261A84 /* Build configuration list for PBXProject "CryptoInfo" */;
			compatibilityVersion = "Xcode 14.0";
			developmentRegion = en;
			hasScannedForEncodings = 0;
			knownRegions = (
				en,
				Base,
			);
			mainGroup = 1AF29F03299A184B00261A84;
			packageReferences = (
				1AF29F4B299B65D900261A84 /* XCRemoteSwiftPackageReference "realm-swift" */,
			);
			productRefGroup = 1AF29F0D299A184B00261A84 /* Products */;
			projectDirPath = "";
			projectRoot = "";
			targets = (
				1AF29F0B299A184B00261A84 /* CryptoInfo */,
				1AF29F1B299A184D00261A84 /* CryptoInfoTests */,
				1AF29F25299A184D00261A84 /* CryptoInfoUITests */,
			);
		};
/* End PBXProject section */

/* Begin PBXResourcesBuildPhase section */
		1AF29F0A299A184B00261A84 /* Resources */ = {
			isa = PBXResourcesBuildPhase;
			buildActionMask = 2147483647;
			files = (
				1AF29F17299A184D00261A84 /* Preview Assets.xcassets in Resources */,
				1AF29F5A299EB0B200261A84 /* data.json in Resources */,
				1AF29F14299A184D00261A84 /* Assets.xcassets in Resources */,
			);
			runOnlyForDeploymentPostprocessing = 0;
		};
		1AF29F1A299A184D00261A84 /* Resources */ = {
			isa = PBXResourcesBuildPhase;
			buildActionMask = 2147483647;
			files = (
			);
			runOnlyForDeploymentPostprocessing = 0;
		};
		1AF29F24299A184D00261A84 /* Resources */ = {
			isa = PBXResourcesBuildPhase;
			buildActionMask = 2147483647;
			files = (
			);
			runOnlyForDeploymentPostprocessing = 0;
		};
/* End PBXResourcesBuildPhase section */

/* Begin PBXSourcesBuildPhase section */
		1AF29F08299A184B00261A84 /* Sources */ = {
			isa = PBXSourcesBuildPhase;
			buildActionMask = 2147483647;
			files = (
				1AF29F3D299A18A300261A84 /* CryptoModel.swift in Sources */,
				1AF29F5C299EB8FC00261A84 /* TweetViewModel.swift in Sources */,
				1AF29F41299A18FF00261A84 /* CryptoRowView.swift in Sources */,
				1AF29F3F299A18C700261A84 /* HomeView.swift in Sources */,
				1AF29F45299AA91100261A84 /* CryptoViewModel.swift in Sources */,
				1AF29F56299DFE5900261A84 /* TwitterAPIService.swift in Sources */,
				1AF29F48299ABCB100261A84 /* CoinGeckoService.swift in Sources */,
				1AF29F52299C07B400261A84 /* RealmManager.swift in Sources */,
				1AF29F12299A184B00261A84 /* ContentView.swift in Sources */,
				1AF29F10299A184B00261A84 /* CryptoInfoApp.swift in Sources */,
				1AF29F58299EAC9700261A84 /* TweetListModel.swift in Sources */,
				1AF29F54299CA3C700261A84 /* TweetView.swift in Sources */,
				1AF29F43299A191200261A84 /* CryptoView.swift in Sources */,
			);
			runOnlyForDeploymentPostprocessing = 0;
		};
		1AF29F18299A184D00261A84 /* Sources */ = {
			isa = PBXSourcesBuildPhase;
			buildActionMask = 2147483647;
			files = (
				1AF29F21299A184D00261A84 /* CryptoInfoTests.swift in Sources */,
			);
			runOnlyForDeploymentPostprocessing = 0;
		};
		1AF29F22299A184D00261A84 /* Sources */ = {
			isa = PBXSourcesBuildPhase;
			buildActionMask = 2147483647;
			files = (
				1AF29F2B299A184D00261A84 /* CryptoInfoUITests.swift in Sources */,
				1AF29F2D299A184D00261A84 /* CryptoInfoUITestsLaunchTests.swift in Sources */,
			);
			runOnlyForDeploymentPostprocessing = 0;
		};
/* End PBXSourcesBuildPhase section */

/* Begin PBXTargetDependency section */
		1AF29F1E299A184D00261A84 /* PBXTargetDependency */ = {
			isa = PBXTargetDependency;
			target = 1AF29F0B299A184B00261A84 /* CryptoInfo */;
			targetProxy = 1AF29F1D299A184D00261A84 /* PBXContainerItemProxy */;
		};
		1AF29F28299A184D00261A84 /* PBXTargetDependency */ = {
			isa = PBXTargetDependency;
			target = 1AF29F0B299A184B00261A84 /* CryptoInfo */;
			targetProxy = 1AF29F27299A184D00261A84 /* PBXContainerItemProxy */;
		};
/* End PBXTargetDependency section */

/* Begin XCBuildConfiguration section */
		1AF29F2E299A184D00261A84 /* Debug */ = {
			isa = XCBuildConfiguration;
			buildSettings = {
				ALWAYS_SEARCH_USER_PATHS = NO;
				CLANG_ANALYZER_NONNULL = YES;
				CLANG_ANALYZER_NUMBER_OBJECT_CONVERSION = YES_AGGRESSIVE;
				CLANG_CXX_LANGUAGE_STANDARD = "gnu++20";
				CLANG_ENABLE_MODULES = YES;
				CLANG_ENABLE_OBJC_ARC = YES;
				CLANG_ENABLE_OBJC_WEAK = YES;
				CLANG_WARN_BLOCK_CAPTURE_AUTORELEASING = YES;
				CLANG_WARN_BOOL_CONVERSION = YES;
				CLANG_WARN_COMMA = YES;
				CLANG_WARN_CONSTANT_CONVERSION = YES;
				CLANG_WARN_DEPRECATED_OBJC_IMPLEMENTATIONS = YES;
				CLANG_WARN_DIRECT_OBJC_ISA_USAGE = YES_ERROR;
				CLANG_WARN_DOCUMENTATION_COMMENTS = YES;
				CLANG_WARN_EMPTY_BODY = YES;
				CLANG_WARN_ENUM_CONVERSION = YES;
				CLANG_WARN_INFINITE_RECURSION = YES;
				CLANG_WARN_INT_CONVERSION = YES;
				CLANG_WARN_NON_LITERAL_NULL_CONVERSION = YES;
				CLANG_WARN_OBJC_IMPLICIT_RETAIN_SELF = YES;
				CLANG_WARN_OBJC_LITERAL_CONVERSION = YES;
				CLANG_WARN_OBJC_ROOT_CLASS = YES_ERROR;
				CLANG_WARN_QUOTED_INCLUDE_IN_FRAMEWORK_HEADER = YES;
				CLANG_WARN_RANGE_LOOP_ANALYSIS = YES;
				CLANG_WARN_STRICT_PROTOTYPES = YES;
				CLANG_WARN_SUSPICIOUS_MOVE = YES;
				CLANG_WARN_UNGUARDED_AVAILABILITY = YES_AGGRESSIVE;
				CLANG_WARN_UNREACHABLE_CODE = YES;
				CLANG_WARN__DUPLICATE_METHOD_MATCH = YES;
				COPY_PHASE_STRIP = NO;
				DEBUG_INFORMATION_FORMAT = dwarf;
				ENABLE_STRICT_OBJC_MSGSEND = YES;
				ENABLE_TESTABILITY = YES;
				GCC_C_LANGUAGE_STANDARD = gnu11;
				GCC_DYNAMIC_NO_PIC = NO;
				GCC_NO_COMMON_BLOCKS = YES;
				GCC_OPTIMIZATION_LEVEL = 0;
				GCC_PREPROCESSOR_DEFINITIONS = (
					"DEBUG=1",
					"$(inherited)",
				);
				GCC_WARN_64_TO_32_BIT_CONVERSION = YES;
				GCC_WARN_ABOUT_RETURN_TYPE = YES_ERROR;
				GCC_WARN_UNDECLARED_SELECTOR = YES;
				GCC_WARN_UNINITIALIZED_AUTOS = YES_AGGRESSIVE;
				GCC_WARN_UNUSED_FUNCTION = YES;
				GCC_WARN_UNUSED_VARIABLE = YES;
				IPHONEOS_DEPLOYMENT_TARGET = 16.2;
				MTL_ENABLE_DEBUG_INFO = INCLUDE_SOURCE;
				MTL_FAST_MATH = YES;
				ONLY_ACTIVE_ARCH = YES;
				SDKROOT = iphoneos;
				SWIFT_ACTIVE_COMPILATION_CONDITIONS = DEBUG;
				SWIFT_OPTIMIZATION_LEVEL = "-Onone";
			};
			name = Debug;
		};
		1AF29F2F299A184D00261A84 /* Release */ = {
			isa = XCBuildConfiguration;
			buildSettings = {
				ALWAYS_SEARCH_USER_PATHS = NO;
				CLANG_ANALYZER_NONNULL = YES;
				CLANG_ANALYZER_NUMBER_OBJECT_CONVERSION = YES_AGGRESSIVE;
				CLANG_CXX_LANGUAGE_STANDARD = "gnu++20";
				CLANG_ENABLE_MODULES = YES;
				CLANG_ENABLE_OBJC_ARC = YES;
				CLANG_ENABLE_OBJC_WEAK = YES;
				CLANG_WARN_BLOCK_CAPTURE_AUTORELEASING = YES;
				CLANG_WARN_BOOL_CONVERSION = YES;
				CLANG_WARN_COMMA = YES;
				CLANG_WARN_CONSTANT_CONVERSION = YES;
				CLANG_WARN_DEPRECATED_OBJC_IMPLEMENTATIONS = YES;
				CLANG_WARN_DIRECT_OBJC_ISA_USAGE = YES_ERROR;
				CLANG_WARN_DOCUMENTATION_COMMENTS = YES;
				CLANG_WARN_EMPTY_BODY = YES;
				CLANG_WARN_ENUM_CONVERSION = YES;
				CLANG_WARN_INFINITE_RECURSION = YES;
				CLANG_WARN_INT_CONVERSION = YES;
				CLANG_WARN_NON_LITERAL_NULL_CONVERSION = YES;
				CLANG_WARN_OBJC_IMPLICIT_RETAIN_SELF = YES;
				CLANG_WARN_OBJC_LITERAL_CONVERSION = YES;
				CLANG_WARN_OBJC_ROOT_CLASS = YES_ERROR;
				CLANG_WARN_QUOTED_INCLUDE_IN_FRAMEWORK_HEADER = YES;
				CLANG_WARN_RANGE_LOOP_ANALYSIS = YES;
				CLANG_WARN_STRICT_PROTOTYPES = YES;
				CLANG_WARN_SUSPICIOUS_MOVE = YES;
				CLANG_WARN_UNGUARDED_AVAILABILITY = YES_AGGRESSIVE;
				CLANG_WARN_UNREACHABLE_CODE = YES;
				CLANG_WARN__DUPLICATE_METHOD_MATCH = YES;
				COPY_PHASE_STRIP = NO;
				DEBUG_INFORMATION_FORMAT = "dwarf-with-dsym";
				ENABLE_NS_ASSERTIONS = NO;
				ENABLE_STRICT_OBJC_MSGSEND = YES;
				GCC_C_LANGUAGE_STANDARD = gnu11;
				GCC_NO_COMMON_BLOCKS = YES;
				GCC_WARN_64_TO_32_BIT_CONVERSION = YES;
				GCC_WARN_ABOUT_RETURN_TYPE = YES_ERROR;
				GCC_WARN_UNDECLARED_SELECTOR = YES;
				GCC_WARN_UNINITIALIZED_AUTOS = YES_AGGRESSIVE;
				GCC_WARN_UNUSED_FUNCTION = YES;
				GCC_WARN_UNUSED_VARIABLE = YES;
				IPHONEOS_DEPLOYMENT_TARGET = 16.2;
				MTL_ENABLE_DEBUG_INFO = NO;
				MTL_FAST_MATH = YES;
				SDKROOT = iphoneos;
				SWIFT_COMPILATION_MODE = wholemodule;
				SWIFT_OPTIMIZATION_LEVEL = "-O";
				VALIDATE_PRODUCT = YES;
			};
			name = Release;
		};
		1AF29F31299A184D00261A84 /* Debug */ = {
			isa = XCBuildConfiguration;
			buildSettings = {
				ASSETCATALOG_COMPILER_APPICON_NAME = AppIcon;
				ASSETCATALOG_COMPILER_GLOBAL_ACCENT_COLOR_NAME = AccentColor;
				CODE_SIGN_STYLE = Automatic;
				CURRENT_PROJECT_VERSION = 1;
				DEVELOPMENT_ASSET_PATHS = "\"CryptoInfo/Preview Content\"";
				DEVELOPMENT_TEAM = C22UDV69F2;
				ENABLE_PREVIEWS = YES;
				GENERATE_INFOPLIST_FILE = YES;
				INFOPLIST_KEY_UIApplicationSceneManifest_Generation = YES;
				INFOPLIST_KEY_UIApplicationSupportsIndirectInputEvents = YES;
				INFOPLIST_KEY_UILaunchScreen_Generation = YES;
				INFOPLIST_KEY_UISupportedInterfaceOrientations_iPad = "UIInterfaceOrientationPortrait UIInterfaceOrientationPortraitUpsideDown UIInterfaceOrientationLandscapeLeft UIInterfaceOrientationLandscapeRight";
				INFOPLIST_KEY_UISupportedInterfaceOrientations_iPhone = "UIInterfaceOrientationPortrait UIInterfaceOrientationLandscapeLeft UIInterfaceOrientationLandscapeRight";
				LD_RUNPATH_SEARCH_PATHS = (
					"$(inherited)",
					"@executable_path/Frameworks",
				);
				MARKETING_VERSION = 1.0;
				PRODUCT_BUNDLE_IDENTIFIER = com.tanvisehgal.CryptoInfo;
				PRODUCT_NAME = "$(TARGET_NAME)";
				SWIFT_EMIT_LOC_STRINGS = YES;
				SWIFT_VERSION = 5.0;
				TARGETED_DEVICE_FAMILY = "1,2";
			};
			name = Debug;
		};
		1AF29F32299A184D00261A84 /* Release */ = {
			isa = XCBuildConfiguration;
			buildSettings = {
				ASSETCATALOG_COMPILER_APPICON_NAME = AppIcon;
				ASSETCATALOG_COMPILER_GLOBAL_ACCENT_COLOR_NAME = AccentColor;
				CODE_SIGN_STYLE = Automatic;
				CURRENT_PROJECT_VERSION = 1;
				DEVELOPMENT_ASSET_PATHS = "\"CryptoInfo/Preview Content\"";
				DEVELOPMENT_TEAM = C22UDV69F2;
				ENABLE_PREVIEWS = YES;
				GENERATE_INFOPLIST_FILE = YES;
				INFOPLIST_KEY_UIApplicationSceneManifest_Generation = YES;
				INFOPLIST_KEY_UIApplicationSupportsIndirectInputEvents = YES;
				INFOPLIST_KEY_UILaunchScreen_Generation = YES;
				INFOPLIST_KEY_UISupportedInterfaceOrientations_iPad = "UIInterfaceOrientationPortrait UIInterfaceOrientationPortraitUpsideDown UIInterfaceOrientationLandscapeLeft UIInterfaceOrientationLandscapeRight";
				INFOPLIST_KEY_UISupportedInterfaceOrientations_iPhone = "UIInterfaceOrientationPortrait UIInterfaceOrientationLandscapeLeft UIInterfaceOrientationLandscapeRight";
				LD_RUNPATH_SEARCH_PATHS = (
					"$(inherited)",
					"@executable_path/Frameworks",
				);
				MARKETING_VERSION = 1.0;
				PRODUCT_BUNDLE_IDENTIFIER = com.tanvisehgal.CryptoInfo;
				PRODUCT_NAME = "$(TARGET_NAME)";
				SWIFT_EMIT_LOC_STRINGS = YES;
				SWIFT_VERSION = 5.0;
				TARGETED_DEVICE_FAMILY = "1,2";
			};
			name = Release;
		};
		1AF29F34299A184D00261A84 /* Debug */ = {
			isa = XCBuildConfiguration;
			buildSettings = {
				ALWAYS_EMBED_SWIFT_STANDARD_LIBRARIES = YES;
				BUNDLE_LOADER = "$(TEST_HOST)";
				CODE_SIGN_STYLE = Automatic;
				CURRENT_PROJECT_VERSION = 1;
				DEVELOPMENT_TEAM = C22UDV69F2;
				GENERATE_INFOPLIST_FILE = YES;
				IPHONEOS_DEPLOYMENT_TARGET = 16.2;
				MARKETING_VERSION = 1.0;
				PRODUCT_BUNDLE_IDENTIFIER = com.tanvisehgal.CryptoInfoTests;
				PRODUCT_NAME = "$(TARGET_NAME)";
				SWIFT_EMIT_LOC_STRINGS = NO;
				SWIFT_VERSION = 5.0;
				TARGETED_DEVICE_FAMILY = "1,2";
				TEST_HOST = "$(BUILT_PRODUCTS_DIR)/CryptoInfo.app/$(BUNDLE_EXECUTABLE_FOLDER_PATH)/CryptoInfo";
			};
			name = Debug;
		};
		1AF29F35299A184D00261A84 /* Release */ = {
			isa = XCBuildConfiguration;
			buildSettings = {
				ALWAYS_EMBED_SWIFT_STANDARD_LIBRARIES = YES;
				BUNDLE_LOADER = "$(TEST_HOST)";
				CODE_SIGN_STYLE = Automatic;
				CURRENT_PROJECT_VERSION = 1;
				DEVELOPMENT_TEAM = C22UDV69F2;
				GENERATE_INFOPLIST_FILE = YES;
				IPHONEOS_DEPLOYMENT_TARGET = 16.2;
				MARKETING_VERSION = 1.0;
				PRODUCT_BUNDLE_IDENTIFIER = com.tanvisehgal.CryptoInfoTests;
				PRODUCT_NAME = "$(TARGET_NAME)";
				SWIFT_EMIT_LOC_STRINGS = NO;
				SWIFT_VERSION = 5.0;
				TARGETED_DEVICE_FAMILY = "1,2";
				TEST_HOST = "$(BUILT_PRODUCTS_DIR)/CryptoInfo.app/$(BUNDLE_EXECUTABLE_FOLDER_PATH)/CryptoInfo";
			};
			name = Release;
		};
		1AF29F37299A184D00261A84 /* Debug */ = {
			isa = XCBuildConfiguration;
			buildSettings = {
				ALWAYS_EMBED_SWIFT_STANDARD_LIBRARIES = YES;
				CODE_SIGN_STYLE = Automatic;
				CURRENT_PROJECT_VERSION = 1;
				DEVELOPMENT_TEAM = C22UDV69F2;
				GENERATE_INFOPLIST_FILE = YES;
				MARKETING_VERSION = 1.0;
				PRODUCT_BUNDLE_IDENTIFIER = com.tanvisehgal.CryptoInfoUITests;
				PRODUCT_NAME = "$(TARGET_NAME)";
				SWIFT_EMIT_LOC_STRINGS = NO;
				SWIFT_VERSION = 5.0;
				TARGETED_DEVICE_FAMILY = "1,2";
				TEST_TARGET_NAME = CryptoInfo;
			};
			name = Debug;
		};
		1AF29F38299A184D00261A84 /* Release */ = {
			isa = XCBuildConfiguration;
			buildSettings = {
				ALWAYS_EMBED_SWIFT_STANDARD_LIBRARIES = YES;
				CODE_SIGN_STYLE = Automatic;
				CURRENT_PROJECT_VERSION = 1;
				DEVELOPMENT_TEAM = C22UDV69F2;
				GENERATE_INFOPLIST_FILE = YES;
				MARKETING_VERSION = 1.0;
				PRODUCT_BUNDLE_IDENTIFIER = com.tanvisehgal.CryptoInfoUITests;
				PRODUCT_NAME = "$(TARGET_NAME)";
				SWIFT_EMIT_LOC_STRINGS = NO;
				SWIFT_VERSION = 5.0;
				TARGETED_DEVICE_FAMILY = "1,2";
				TEST_TARGET_NAME = CryptoInfo;
			};
			name = Release;
		};
/* End XCBuildConfiguration section */

/* Begin XCConfigurationList section */
		1AF29F07299A184B00261A84 /* Build configuration list for PBXProject "CryptoInfo" */ = {
			isa = XCConfigurationList;
			buildConfigurations = (
				1AF29F2E299A184D00261A84 /* Debug */,
				1AF29F2F299A184D00261A84 /* Release */,
			);
			defaultConfigurationIsVisible = 0;
			defaultConfigurationName = Release;
		};
		1AF29F30299A184D00261A84 /* Build configuration list for PBXNativeTarget "CryptoInfo" */ = {
			isa = XCConfigurationList;
			buildConfigurations = (
				1AF29F31299A184D00261A84 /* Debug */,
				1AF29F32299A184D00261A84 /* Release */,
			);
			defaultConfigurationIsVisible = 0;
			defaultConfigurationName = Release;
		};
		1AF29F33299A184D00261A84 /* Build configuration list for PBXNativeTarget "CryptoInfoTests" */ = {
			isa = XCConfigurationList;
			buildConfigurations = (
				1AF29F34299A184D00261A84 /* Debug */,
				1AF29F35299A184D00261A84 /* Release */,
			);
			defaultConfigurationIsVisible = 0;
			defaultConfigurationName = Release;
		};
		1AF29F36299A184D00261A84 /* Build configuration list for PBXNativeTarget "CryptoInfoUITests" */ = {
			isa = XCConfigurationList;
			buildConfigurations = (
				1AF29F37299A184D00261A84 /* Debug */,
				1AF29F38299A184D00261A84 /* Release */,
			);
			defaultConfigurationIsVisible = 0;
			defaultConfigurationName = Release;
		};
/* End XCConfigurationList section */

/* Begin XCRemoteSwiftPackageReference section */
		1AF29F4B299B65D900261A84 /* XCRemoteSwiftPackageReference "realm-swift" */ = {
			isa = XCRemoteSwiftPackageReference;
			repositoryURL = "https://github.com/realm/realm-swift.git";
			requirement = {
				kind = upToNextMajorVersion;
				minimumVersion = 10.35.1;
			};
		};
/* End XCRemoteSwiftPackageReference section */

/* Begin XCSwiftPackageProductDependency section */
		1AF29F4C299B65D900261A84 /* Realm */ = {
			isa = XCSwiftPackageProductDependency;
			package = 1AF29F4B299B65D900261A84 /* XCRemoteSwiftPackageReference "realm-swift" */;
			productName = Realm;
		};
		1AF29F4E299B65D900261A84 /* RealmSwift */ = {
			isa = XCSwiftPackageProductDependency;
			package = 1AF29F4B299B65D900261A84 /* XCRemoteSwiftPackageReference "realm-swift" */;
			productName = RealmSwift;
		};
/* End XCSwiftPackageProductDependency section */
	};
	rootObject = 1AF29F04299A184B00261A84 /* Project object */;
}
